# THIS IS AN AUTOGENERATED FILE. DO NOT EDIT THIS FILE DIRECTLY.
# yarn lockfile v1


cli-engine-config@^3.1.0:
  version "3.1.2"
  resolved "https://registry.yarnpkg.com/cli-engine-config/-/cli-engine-config-3.1.2.tgz#ccef9a6a1ae27d13ce23acbd8fa22d9bfad5f5e7"
  dependencies:
    fs-extra "^4.0.1"
    uuid "^3.1.0"

cli-engine-heroku@^3.0.2:
  version "3.0.2"
  resolved "https://registry.yarnpkg.com/cli-engine-heroku/-/cli-engine-heroku-3.0.2.tgz#d48ea468cceee121790a6c7c165852c14562a39e"
  dependencies:
    cli-engine-config "^3.1.0"
    heroku-client "^3.0.3"
    http-call "^3.0.2"
    netrc-parser "^2.0.3"

cli-engine-test-foo@^0.0.0:
  version "0.0.0"
  resolved "https://registry.yarnpkg.com/cli-engine-test-foo/-/cli-engine-test-foo-0.0.0.tgz#867e84b9eaff75e27b56c7ffa26aa322676c523f"

debug@^3.0.0, debug@^3.0.1:
  version "3.0.1"
  resolved "https://registry.yarnpkg.com/debug/-/debug-3.0.1.tgz#0564c612b521dc92d9f2988f0549e34f9c98db64"
  dependencies:
    ms "2.0.0"

fs-extra@^4.0.1:
  version "4.0.1"
  resolved "https://registry.yarnpkg.com/fs-extra/-/fs-extra-4.0.1.tgz#7fc0c6c8957f983f57f306a24e5b9ddd8d0dd880"
  dependencies:
    graceful-fs "^4.1.2"
    jsonfile "^3.0.0"
    universalify "^0.1.0"

graceful-fs@^4.1.2, graceful-fs@^4.1.6:
  version "4.1.11"
  resolved "https://registry.yarnpkg.com/graceful-fs/-/graceful-fs-4.1.11.tgz#0e8bdfe4d1ddb8854d64e04ea7c00e2a026e5658"

heroku-client@^3.0.3:
  version "3.0.3"
  resolved "https://registry.yarnpkg.com/heroku-client/-/heroku-client-3.0.3.tgz#302df7fe315f8fa0a98c1a6cbd22a5d81e1c5253"
  dependencies:
    debug "^3.0.0"
    is-retry-allowed "^1.0.0"
    tunnel-agent "^0.6.0"

http-call@^3.0.2:
  version "3.0.2"
  resolved "https://registry.yarnpkg.com/http-call/-/http-call-3.0.2.tgz#5e3be641449b13546480f651f095b693e22e59a8"
  dependencies:
    debug "^3.0.1"
    is-retry-allowed "^1.1.0"
    is-stream "^1.1.0"
    tunnel-agent "^0.6.0"

is-retry-allowed@^1.0.0, is-retry-allowed@^1.1.0:
  version "1.1.0"
  resolved "https://registry.yarnpkg.com/is-retry-allowed/-/is-retry-allowed-1.1.0.tgz#11a060568b67339444033d0125a61a20d564fb34"

is-stream@^1.1.0:
  version "1.1.0"
  resolved "https://registry.yarnpkg.com/is-stream/-/is-stream-1.1.0.tgz#12d4a3dd4e68e0b79ceb8dbc84173ae80d91ca44"

jsonfile@^3.0.0:
  version "3.0.1"
  resolved "https://registry.yarnpkg.com/jsonfile/-/jsonfile-3.0.1.tgz#a5ecc6f65f53f662c4415c7675a0331d0992ec66"
  optionalDependencies:
    graceful-fs "^4.1.6"

lex@^1.7.9:
  version "1.7.9"
  resolved "https://registry.yarnpkg.com/lex/-/lex-1.7.9.tgz#5d5636ccef574348362938b79a47f0eed8ed0d43"

ms@2.0.0:
  version "2.0.0"
  resolved "https://registry.yarnpkg.com/ms/-/ms-2.0.0.tgz#5608aeadfc00be6c2901df5f9861788de0d597c8"

netrc-parser@^2.0.3:
  version "2.0.3"
  resolved "https://registry.yarnpkg.com/netrc-parser/-/netrc-parser-2.0.3.tgz#b8bdd1c7170d349daaf1f81e3ef436959aa5ee42"
  dependencies:
    debug "^3.0.1"
    lex "^1.7.9"

safe-buffer@^5.0.1:
  version "5.1.1"
  resolved "https://registry.yarnpkg.com/safe-buffer/-/safe-buffer-5.1.1.tgz#893312af69b2123def71f57889001671eeb2c853"

tunnel-agent@^0.6.0:
  version "0.6.0"
  resolved "https://registry.yarnpkg.com/tunnel-agent/-/tunnel-agent-0.6.0.tgz#27a5dea06b36b04a0a9966774b290868f0fc40fd"
  dependencies:
    safe-buffer "^5.0.1"

universalify@^0.1.0:
  version "0.1.1"
  resolved "https://registry.yarnpkg.com/universalify/-/universalify-0.1.1.tgz#fa71badd4437af4c148841e3b3b165f9e9e590b7"

uuid@^3.1.0:
  version "3.1.0"
  resolved "https://registry.yarnpkg.com/uuid/-/uuid-3.1.0.tgz#3dd3d3e790abc24d7b0d3a034ffababe28ebbc04"
