# THIS IS AN AUTOGENERATED FILE. DO NOT EDIT THIS FILE DIRECTLY.
# yarn lockfile v1


"@heroku/linewrap@^1.0.0":
  version "1.0.0"
  resolved "https://registry.yarnpkg.com/@heroku/linewrap/-/linewrap-1.0.0.tgz#a9d4e99f0a3e423a899b775f5f3d6747a1ff15c6"

ansi-escapes@^3.0.0:
  version "3.0.0"
  resolved "https://registry.yarnpkg.com/ansi-escapes/-/ansi-escapes-3.0.0.tgz#ec3e8b4e9f8064fc02c3ac9b65f1c275bda8ef92"

ansi-regex@^3.0.0:
  version "3.0.0"
  resolved "https://registry.yarnpkg.com/ansi-regex/-/ansi-regex-3.0.0.tgz#ed0317c322064f79466c02966bddb605ab37d998"

ansi-styles@^3.1.0, ansi-styles@^3.2.0:
  version "3.2.0"
  resolved "https://registry.yarnpkg.com/ansi-styles/-/ansi-styles-3.2.0.tgz#c159b8d5be0f9e5a6f346dab94f16ce022161b88"
  dependencies:
    color-convert "^1.9.0"

ansicolors@~0.2.1:
  version "0.2.1"
  resolved "https://registry.yarnpkg.com/ansicolors/-/ansicolors-0.2.1.tgz#be089599097b74a5c9c4a84a0cdbcdb62bd87aef"

cardinal@1.x, cardinal@^1.0.0:
  version "1.0.0"
  resolved "https://registry.yarnpkg.com/cardinal/-/cardinal-1.0.0.tgz#50e21c1b0aa37729f9377def196b5a9cec932ee9"
  dependencies:
    ansicolors "~0.2.1"
    redeyed "~1.0.0"

chalk@^2.1.0:
  version "2.1.0"
  resolved "https://registry.yarnpkg.com/chalk/-/chalk-2.1.0.tgz#ac5becf14fa21b99c6c92ca7a7d7cfd5b17e743e"
  dependencies:
    ansi-styles "^3.1.0"
    escape-string-regexp "^1.0.5"
    supports-color "^4.0.0"

cli-engine-command@^8.0.15:
  version "8.0.15"
  resolved "https://registry.yarnpkg.com/cli-engine-command/-/cli-engine-command-8.0.15.tgz#44a6ae79c740d800f474ab9e0601132b300d1d47"
  dependencies:
    "@heroku/linewrap" "^1.0.0"
    ansi-escapes "^3.0.0"
    cardinal "1.x"
    chalk "^2.1.0"
    cli-ux "^1.0.1"
    fs-extra "^4.0.1"
    http-call "^3.0.2"
    lodash.maxby "^4.6.0"
    moment "^2.18.1"
    string "3.x"
    supports-color "^4.4.0"

cli-engine-config@^3.2.0:
  version "3.2.0"
  resolved "https://registry.yarnpkg.com/cli-engine-config/-/cli-engine-config-3.2.0.tgz#5b1af55e64c1ef680e298ec6c1fab649c1d1e80c"
  dependencies:
    fs-extra "^4.0.1"
    uuid "^3.1.0"

cli-engine-heroku@^4.0.1:
  version "4.0.1"
  resolved "https://registry.yarnpkg.com/cli-engine-heroku/-/cli-engine-heroku-4.0.1.tgz#b4f255137900ab2833bf201deb518bff0c1cb35d"
  dependencies:
    cli-ux "^1.0.1"
    heroku-client "^3.0.3"
    http-call "^3.0.2"
    netrc-parser "^2.0.3"

cli-engine-test-foo@^0.0.0:
  version "0.0.0"
  resolved "https://registry.yarnpkg.com/cli-engine-test-foo/-/cli-engine-test-foo-0.0.0.tgz#867e84b9eaff75e27b56c7ffa26aa322676c523f"

cli-ux@^1.0.1:
  version "1.0.1"
  resolved "https://registry.yarnpkg.com/cli-ux/-/cli-ux-1.0.1.tgz#0f49f02e4fa7a8f65a4f67c07fa0af891099fa6a"
  dependencies:
    ansi-escapes "^3.0.0"
    ansi-styles "^3.2.0"
    cardinal "^1.0.0"
    chalk "^2.1.0"
    fs-extra "^4.0.1"
    lodash.ary "^4.1.1"
    lodash.get "^4.4.2"
    lodash.identity "^3.0.0"
    lodash.partial "^4.2.1"
    lodash.property "^4.4.2"
    lodash.result "^4.5.2"
    moment "^2.18.1"
    password-prompt "^1.0.3"
    strip-ansi "^4.0.0"
    supports-color "^4.4.0"

color-convert@^1.9.0:
  version "1.9.0"
  resolved "https://registry.yarnpkg.com/color-convert/-/color-convert-1.9.0.tgz#1accf97dd739b983bf994d56fec8f95853641b7a"
  dependencies:
    color-name "^1.1.1"

color-name@^1.1.1:
  version "1.1.3"
  resolved "https://registry.yarnpkg.com/color-name/-/color-name-1.1.3.tgz#a7d0558bd89c42f795dd42328f740831ca53bc25"

cross-spawn@^5.1.0:
  version "5.1.0"
  resolved "https://registry.yarnpkg.com/cross-spawn/-/cross-spawn-5.1.0.tgz#e8bd0efee58fcff6f8f94510a0a554bbfa235449"
  dependencies:
    lru-cache "^4.0.1"
    shebang-command "^1.2.0"
    which "^1.2.9"

debug@^3.0.0, debug@^3.0.1:
  version "3.0.1"
  resolved "https://registry.yarnpkg.com/debug/-/debug-3.0.1.tgz#0564c612b521dc92d9f2988f0549e34f9c98db64"
  dependencies:
    ms "2.0.0"

escape-string-regexp@^1.0.5:
  version "1.0.5"
  resolved "https://registry.yarnpkg.com/escape-string-regexp/-/escape-string-regexp-1.0.5.tgz#1b61c0562190a8dff6ae3bb2cf0200ca130b86d4"

esprima@~3.0.0:
  version "3.0.0"
  resolved "https://registry.yarnpkg.com/esprima/-/esprima-3.0.0.tgz#53cf247acda77313e551c3aa2e73342d3fb4f7d9"

fs-extra@^4.0.1:
  version "4.0.1"
  resolved "https://registry.yarnpkg.com/fs-extra/-/fs-extra-4.0.1.tgz#7fc0c6c8957f983f57f306a24e5b9ddd8d0dd880"
  dependencies:
    graceful-fs "^4.1.2"
    jsonfile "^3.0.0"
    universalify "^0.1.0"

graceful-fs@^4.1.2, graceful-fs@^4.1.6:
  version "4.1.11"
  resolved "https://registry.yarnpkg.com/graceful-fs/-/graceful-fs-4.1.11.tgz#0e8bdfe4d1ddb8854d64e04ea7c00e2a026e5658"

has-flag@^2.0.0:
  version "2.0.0"
  resolved "https://registry.yarnpkg.com/has-flag/-/has-flag-2.0.0.tgz#e8207af1cc7b30d446cc70b734b5e8be18f88d51"

heroku-client@^3.0.3:
  version "3.0.3"
  resolved "https://registry.yarnpkg.com/heroku-client/-/heroku-client-3.0.3.tgz#302df7fe315f8fa0a98c1a6cbd22a5d81e1c5253"
  dependencies:
    debug "^3.0.0"
    is-retry-allowed "^1.0.0"
    tunnel-agent "^0.6.0"

http-call@^3.0.2:
  version "3.0.2"
  resolved "https://registry.yarnpkg.com/http-call/-/http-call-3.0.2.tgz#5e3be641449b13546480f651f095b693e22e59a8"
  dependencies:
    debug "^3.0.1"
    is-retry-allowed "^1.1.0"
    is-stream "^1.1.0"
    tunnel-agent "^0.6.0"

is-retry-allowed@^1.0.0, is-retry-allowed@^1.1.0:
  version "1.1.0"
  resolved "https://registry.yarnpkg.com/is-retry-allowed/-/is-retry-allowed-1.1.0.tgz#11a060568b67339444033d0125a61a20d564fb34"

is-stream@^1.1.0:
  version "1.1.0"
  resolved "https://registry.yarnpkg.com/is-stream/-/is-stream-1.1.0.tgz#12d4a3dd4e68e0b79ceb8dbc84173ae80d91ca44"

isexe@^2.0.0:
  version "2.0.0"
  resolved "https://registry.yarnpkg.com/isexe/-/isexe-2.0.0.tgz#e8fbf374dc556ff8947a10dcb0572d633f2cfa10"

jsonfile@^3.0.0:
  version "3.0.1"
  resolved "https://registry.yarnpkg.com/jsonfile/-/jsonfile-3.0.1.tgz#a5ecc6f65f53f662c4415c7675a0331d0992ec66"
  optionalDependencies:
    graceful-fs "^4.1.6"

lex@^1.7.9:
  version "1.7.9"
  resolved "https://registry.yarnpkg.com/lex/-/lex-1.7.9.tgz#5d5636ccef574348362938b79a47f0eed8ed0d43"

lodash.ary@^4.1.1:
  version "4.1.1"
  resolved "https://registry.yarnpkg.com/lodash.ary/-/lodash.ary-4.1.1.tgz#66065fa91bacc7a034d9c8fce52f83d3c7e40212"

lodash.get@^4.4.2:
  version "4.4.2"
  resolved "https://registry.yarnpkg.com/lodash.get/-/lodash.get-4.4.2.tgz#2d177f652fa31e939b4438d5341499dfa3825e99"

lodash.identity@^3.0.0:
  version "3.0.0"
  resolved "https://registry.yarnpkg.com/lodash.identity/-/lodash.identity-3.0.0.tgz#ad7bc6a4e647d79c972e1b80feef7af156267876"

lodash.maxby@^4.6.0:
  version "4.6.0"
  resolved "https://registry.yarnpkg.com/lodash.maxby/-/lodash.maxby-4.6.0.tgz#082240068f3c7a227aa00a8380e4f38cf0786e3d"

lodash.partial@^4.2.1:
  version "4.2.1"
  resolved "https://registry.yarnpkg.com/lodash.partial/-/lodash.partial-4.2.1.tgz#49f3d8cfdaa3bff8b3a91d127e923245418961d4"

lodash.property@^4.4.2:
  version "4.4.2"
  resolved "https://registry.yarnpkg.com/lodash.property/-/lodash.property-4.4.2.tgz#da07124821c6409d025f30db8df851314515bffe"

lodash.result@^4.5.2:
  version "4.5.2"
  resolved "https://registry.yarnpkg.com/lodash.result/-/lodash.result-4.5.2.tgz#cb45b27fb914eaa8d8ee6f0ce7b2870b87cb70aa"

lru-cache@^4.0.1:
  version "4.1.1"
  resolved "https://registry.yarnpkg.com/lru-cache/-/lru-cache-4.1.1.tgz#622e32e82488b49279114a4f9ecf45e7cd6bba55"
  dependencies:
    pseudomap "^1.0.2"
    yallist "^2.1.2"

moment@^2.18.1:
  version "2.18.1"
  resolved "https://registry.yarnpkg.com/moment/-/moment-2.18.1.tgz#c36193dd3ce1c2eed2adb7c802dbbc77a81b1c0f"

ms@2.0.0:
  version "2.0.0"
  resolved "https://registry.yarnpkg.com/ms/-/ms-2.0.0.tgz#5608aeadfc00be6c2901df5f9861788de0d597c8"

netrc-parser@^2.0.3:
  version "2.0.3"
  resolved "https://registry.yarnpkg.com/netrc-parser/-/netrc-parser-2.0.3.tgz#b8bdd1c7170d349daaf1f81e3ef436959aa5ee42"
  dependencies:
    debug "^3.0.1"
    lex "^1.7.9"

password-prompt@^1.0.3:
  version "1.0.3"
  resolved "https://registry.yarnpkg.com/password-prompt/-/password-prompt-1.0.3.tgz#1478aad647c5afb65158e901bf4df0a3c367039a"
  dependencies:
    ansi-escapes "^3.0.0"
    cross-spawn "^5.1.0"

pseudomap@^1.0.2:
  version "1.0.2"
  resolved "https://registry.yarnpkg.com/pseudomap/-/pseudomap-1.0.2.tgz#f052a28da70e618917ef0a8ac34c1ae5a68286b3"

redeyed@~1.0.0:
  version "1.0.1"
  resolved "https://registry.yarnpkg.com/redeyed/-/redeyed-1.0.1.tgz#e96c193b40c0816b00aec842698e61185e55498a"
  dependencies:
    esprima "~3.0.0"

safe-buffer@^5.0.1:
  version "5.1.1"
  resolved "https://registry.yarnpkg.com/safe-buffer/-/safe-buffer-5.1.1.tgz#893312af69b2123def71f57889001671eeb2c853"

shebang-command@^1.2.0:
  version "1.2.0"
  resolved "https://registry.yarnpkg.com/shebang-command/-/shebang-command-1.2.0.tgz#44aac65b695b03398968c39f363fee5deafdf1ea"
  dependencies:
    shebang-regex "^1.0.0"

shebang-regex@^1.0.0:
  version "1.0.0"
  resolved "https://registry.yarnpkg.com/shebang-regex/-/shebang-regex-1.0.0.tgz#da42f49740c0b42db2ca9728571cb190c98efea3"

string@3.x:
  version "3.3.3"
  resolved "https://registry.yarnpkg.com/string/-/string-3.3.3.tgz#5ea211cd92d228e184294990a6cc97b366a77cb0"

strip-ansi@^4.0.0:
  version "4.0.0"
  resolved "https://registry.yarnpkg.com/strip-ansi/-/strip-ansi-4.0.0.tgz#a8479022eb1ac368a871389b635262c505ee368f"
  dependencies:
    ansi-regex "^3.0.0"

supports-color@^4.0.0, supports-color@^4.4.0:
  version "4.4.0"
  resolved "https://registry.yarnpkg.com/supports-color/-/supports-color-4.4.0.tgz#883f7ddabc165142b2a61427f3352ded195d1a3e"
  dependencies:
    has-flag "^2.0.0"

tunnel-agent@^0.6.0:
  version "0.6.0"
  resolved "https://registry.yarnpkg.com/tunnel-agent/-/tunnel-agent-0.6.0.tgz#27a5dea06b36b04a0a9966774b290868f0fc40fd"
  dependencies:
    safe-buffer "^5.0.1"

universalify@^0.1.0:
  version "0.1.1"
  resolved "https://registry.yarnpkg.com/universalify/-/universalify-0.1.1.tgz#fa71badd4437af4c148841e3b3b165f9e9e590b7"

uuid@^3.1.0:
  version "3.1.0"
  resolved "https://registry.yarnpkg.com/uuid/-/uuid-3.1.0.tgz#3dd3d3e790abc24d7b0d3a034ffababe28ebbc04"

which@^1.2.9:
  version "1.3.0"
  resolved "https://registry.yarnpkg.com/which/-/which-1.3.0.tgz#ff04bdfc010ee547d780bec38e1ac1c2777d253a"
  dependencies:
    isexe "^2.0.0"

yallist@^2.1.2:
  version "2.1.2"
  resolved "https://registry.yarnpkg.com/yallist/-/yallist-2.1.2.tgz#1c11f9218f076089a47dd512f93c6699a6a81d52"
